github.com/Shivam010/crispy-giggle v0.0.0-20200716183311-8684572763dc h1:nny6z59cW5WX/AQ5u9CVP6fejNI6k1z4DSucNQ2IVVI=
github.com/Shivam010/crispy-giggle v0.0.0-20200716183311-8684572763dc/go.mod h1:n3G7m5O/E9DoDuSy8fBQhnTnRZLHNc3cGR0KgTuA2G0=
github.com/Shivam010/crispy-giggle v1.0.0 h1:7CenwpI55qqJIlqHnhKKycnXBBXRumwAbehhExZsn/c=
github.com/Shivam010/crispy-giggle v1.0.0/go.mod h1:n3G7m5O/E9DoDuSy8fBQhnTnRZLHNc3cGR0KgTuA2G0=
