github.com/Shivam010/crispy-giggle v1.0.1-0.20200716191249-8825fc4ff8d6 h1:GlR78mbqSm3M+4M0GH/GBY64t4e4hnvB94Qi+juLnm8=
github.com/Shivam010/crispy-giggle v1.0.1-0.20200716191249-8825fc4ff8d6/go.mod h1:n3G7m5O/E9DoDuSy8fBQhnTnRZLHNc3cGR0KgTuA2G0=
github.com/Shivam010/crispy-giggle v1.1.0 h1:eXdDnHtN//wpxloDKnCB+F3pkj7mBeEr9pWNfxDSr08=
github.com/Shivam010/crispy-giggle v1.1.0/go.mod h1:n3G7m5O/E9DoDuSy8fBQhnTnRZLHNc3cGR0KgTuA2G0=
github.com/Shivam010/crispy-giggle v1.1.1-0.20200716193928-a0726bcb1d02/go.mod h1:n3G7m5O/E9DoDuSy8fBQhnTnRZLHNc3cGR0KgTuA2G0=
github.com/Shivam010/crispy-giggle v1.1.1 h1:6h70+ikXHK5zCe6dAEGBawcEezIK4dDWUH78xYRJo4c=
github.com/Shivam010/crispy-giggle v1.1.1/go.mod h1:n3G7m5O/E9DoDuSy8fBQhnTnRZLHNc3cGR0KgTuA2G0=
